
Microsoft Visual Studio Solution File, Format Version 12.00
# Visual Studio Version 16
VisualStudioVersion = 16.0.30621.155
MinimumVisualStudioVersion = 10.0.40219.1
Project("{FAE04EC0-301F-11D3-BF4B-00C04F79EFBC}") = "ExercisioList", "ExercisioList\ExercisioList.csproj", "{8B59156F-74DE-40E8-88C8-D63F31B63862}"
EndProject
Global
	GlobalSection(SolutionConfigurationPlatforms) = preSolution
		Debug|Any CPU = Debug|Any CPU
		Release|Any CPU = Release|Any CPU
	EndGlobalSection
	GlobalSection(ProjectConfigurationPlatforms) = postSolution
		{8B59156F-74DE-40E8-88C8-D63F31B63862}.Debug|Any CPU.ActiveCfg = Debug|Any CPU
		{8B59156F-74DE-40E8-88C8-D63F31B63862}.Debug|Any CPU.Build.0 = Debug|Any CPU
		{8B59156F-74DE-40E8-88C8-D63F31B63862}.Release|Any CPU.ActiveCfg = Release|Any CPU
		{8B59156F-74DE-40E8-88C8-D63F31B63862}.Release|Any CPU.Build.0 = Release|Any CPU
	EndGlobalSection
	GlobalSection(SolutionProperties) = preSolution
		HideSolutionNode = FALSE
	EndGlobalSection
	GlobalSection(ExtensibilityGlobals) = postSolution
		SolutionGuid = {1B99563D-A165-4A57-8D06-83B626828F86}
	EndGlobalSection
EndGlobal
